// !$*UTF8*$!
{
	archiveVersion = 1;
	classes = {
	};
	objectVersion = 48;
	objects = {

/* Begin PBXBuildFile section */
		244D4BB12009F1F80090D99C /* city.swift in Sources */ = {isa = PBXBuildFile; fileRef = 244D4BB02009F1F80090D99C /* city.swift */; };
		244D4BB3200A0CE40090D99C /* city.list.json in Resources */ = {isa = PBXBuildFile; fileRef = 244D4BB2200A0CE40090D99C /* city.list.json */; };
		249FD2B2200BC1F00061B2FD /* iconHistory.png in Resources */ = {isa = PBXBuildFile; fileRef = 249FD2B1200BC1F00061B2FD /* iconHistory.png */; };
		249FD2B4200BC6E40061B2FD /* HistoryTableViewController.swift in Sources */ = {isa = PBXBuildFile; fileRef = 249FD2B3200BC6E40061B2FD /* HistoryTableViewController.swift */; };
		249FD2B9200BF3040061B2FD /* historySearch.plist in Resources */ = {isa = PBXBuildFile; fileRef = 249FD2B8200BF3040061B2FD /* historySearch.plist */; };
		24A1F30C2008A9230024C689 /* AppDelegate.swift in Sources */ = {isa = PBXBuildFile; fileRef = 24A1F30B2008A9230024C689 /* AppDelegate.swift */; };
		24A1F3112008A9230024C689 /* Main.storyboard in Resources */ = {isa = PBXBuildFile; fileRef = 24A1F30F2008A9230024C689 /* Main.storyboard */; };
		24A1F3132008A9230024C689 /* Assets.xcassets in Resources */ = {isa = PBXBuildFile; fileRef = 24A1F3122008A9230024C689 /* Assets.xcassets */; };
		24A1F3162008A9230024C689 /* LaunchScreen.storyboard in Resources */ = {isa = PBXBuildFile; fileRef = 24A1F3142008A9230024C689 /* LaunchScreen.storyboard */; };
		24EFC01A200AA8B3001EAF59 /* Citytheme.swift in Sources */ = {isa = PBXBuildFile; fileRef = 24EFC019200AA8B3001EAF59 /* Citytheme.swift */; };
		24EFC01C200AA910001EAF59 /* SearchFooter.swift in Sources */ = {isa = PBXBuildFile; fileRef = 24EFC01B200AA910001EAF59 /* SearchFooter.swift */; };
		24EFC01E200AAA04001EAF59 /* MasterViewController.swift in Sources */ = {isa = PBXBuildFile; fileRef = 24EFC01D200AAA04001EAF59 /* MasterViewController.swift */; };
		24EFC020200AAC0B001EAF59 /* DetailViewController.swift in Sources */ = {isa = PBXBuildFile; fileRef = 24EFC01F200AAC0B001EAF59 /* DetailViewController.swift */; };
		AE0D146113386984A0DAD92B /* Pods_mobvenStudy.framework in Frameworks */ = {isa = PBXBuildFile; fileRef = 372918280ABEEBC7D51CD307 /* Pods_mobvenStudy.framework */; };
/* End PBXBuildFile section */

/* Begin PBXFileReference section */
		244D4BB02009F1F80090D99C /* city.swift */ = {isa = PBXFileReference; lastKnownFileType = sourcecode.swift; path = city.swift; sourceTree = "<group>"; };
		244D4BB2200A0CE40090D99C /* city.list.json */ = {isa = PBXFileReference; fileEncoding = 4; lastKnownFileType = text.json; path = city.list.json; sourceTree = "<group>"; };
		249FD2B1200BC1F00061B2FD /* iconHistory.png */ = {isa = PBXFileReference; lastKnownFileType = image.png; path = iconHistory.png; sourceTree = "<group>"; };
		249FD2B3200BC6E40061B2FD /* HistoryTableViewController.swift */ = {isa = PBXFileReference; lastKnownFileType = sourcecode.swift; path = HistoryTableViewController.swift; sourceTree = "<group>"; };
		249FD2B8200BF3040061B2FD /* historySearch.plist */ = {isa = PBXFileReference; lastKnownFileType = text.plist.xml; path = historySearch.plist; sourceTree = "<group>"; };
		24A1F3082008A9230024C689 /* mobvenStudy.app */ = {isa = PBXFileReference; explicitFileType = wrapper.application; includeInIndex = 0; path = mobvenStudy.app; sourceTree = BUILT_PRODUCTS_DIR; };
		24A1F30B2008A9230024C689 /* AppDelegate.swift */ = {isa = PBXFileReference; lastKnownFileType = sourcecode.swift; path = AppDelegate.swift; sourceTree = "<group>"; };
		24A1F3102008A9230024C689 /* Base */ = {isa = PBXFileReference; lastKnownFileType = file.storyboard; name = Base; path = Base.lproj/Main.storyboard; sourceTree = "<group>"; };
		24A1F3122008A9230024C689 /* Assets.xcassets */ = {isa = PBXFileReference; lastKnownFileType = folder.assetcatalog; path = Assets.xcassets; sourceTree = "<group>"; };
		24A1F3152008A9230024C689 /* Base */ = {isa = PBXFileReference; lastKnownFileType = file.storyboard; name = Base; path = Base.lproj/LaunchScreen.storyboard; sourceTree = "<group>"; };
		24A1F3172008A9230024C689 /* Info.plist */ = {isa = PBXFileReference; lastKnownFileType = text.plist.xml; path = Info.plist; sourceTree = "<group>"; };
		24EFC019200AA8B3001EAF59 /* Citytheme.swift */ = {isa = PBXFileReference; lastKnownFileType = sourcecode.swift; path = Citytheme.swift; sourceTree = "<group>"; };
		24EFC01B200AA910001EAF59 /* SearchFooter.swift */ = {isa = PBXFileReference; lastKnownFileType = sourcecode.swift; path = SearchFooter.swift; sourceTree = "<group>"; };
		24EFC01D200AAA04001EAF59 /* MasterViewController.swift */ = {isa = PBXFileReference; lastKnownFileType = sourcecode.swift; path = MasterViewController.swift; sourceTree = "<group>"; };
		24EFC01F200AAC0B001EAF59 /* DetailViewController.swift */ = {isa = PBXFileReference; lastKnownFileType = sourcecode.swift; path = DetailViewController.swift; sourceTree = "<group>"; };
		372918280ABEEBC7D51CD307 /* Pods_mobvenStudy.framework */ = {isa = PBXFileReference; explicitFileType = wrapper.framework; includeInIndex = 0; path = Pods_mobvenStudy.framework; sourceTree = BUILT_PRODUCTS_DIR; };
		40B77A131AB10CE5A11475A9 /* Pods-mobvenStudy.debug.xcconfig */ = {isa = PBXFileReference; includeInIndex = 1; lastKnownFileType = text.xcconfig; name = "Pods-mobvenStudy.debug.xcconfig"; path = "Pods/Target Support Files/Pods-mobvenStudy/Pods-mobvenStudy.debug.xcconfig"; sourceTree = "<group>"; };
		C165ADD35BD98F5D97A68456 /* Pods-mobvenStudy.release.xcconfig */ = {isa = PBXFileReference; includeInIndex = 1; lastKnownFileType = text.xcconfig; name = "Pods-mobvenStudy.release.xcconfig"; path = "Pods/Target Support Files/Pods-mobvenStudy/Pods-mobvenStudy.release.xcconfig"; sourceTree = "<group>"; };
/* End PBXFileReference section */

/* Begin PBXFrameworksBuildPhase section */
		24A1F3052008A9230024C689 /* Frameworks */ = {
			isa = PBXFrameworksBuildPhase;
			buildActionMask = 2147483647;
			files = (
				AE0D146113386984A0DAD92B /* Pods_mobvenStudy.framework in Frameworks */,
			);
			runOnlyForDeploymentPostprocessing = 0;
		};
/* End PBXFrameworksBuildPhase section */

/* Begin PBXGroup section */
		244D4BAD2009E9EF0090D99C /* model */ = {
			isa = PBXGroup;
			children = (
				244D4BB02009F1F80090D99C /* city.swift */,
			);
			path = model;
			sourceTree = "<group>";
		};
		244D4BAE2009E9F90090D99C /* controller */ = {
			isa = PBXGroup;
			children = (
				24EFC01D200AAA04001EAF59 /* MasterViewController.swift */,
				24EFC01F200AAC0B001EAF59 /* DetailViewController.swift */,
				249FD2B3200BC6E40061B2FD /* HistoryTableViewController.swift */,
			);
			path = controller;
			sourceTree = "<group>";
		};
		244D4BAF2009EA0D0090D99C /* sources */ = {
			isa = PBXGroup;
			children = (
				249FD2B1200BC1F00061B2FD /* iconHistory.png */,
				244D4BB2200A0CE40090D99C /* city.list.json */,
				249FD2B8200BF3040061B2FD /* historySearch.plist */,
			);
			path = sources;
			sourceTree = "<group>";
		};
		24A1F2FF2008A9230024C689 = {
			isa = PBXGroup;
			children = (
				24EFC018200AA85F001EAF59 /* helper */,
				24EFC017200AA832001EAF59 /* view */,
				244D4BAF2009EA0D0090D99C /* sources */,
				244D4BAE2009E9F90090D99C /* controller */,
				244D4BAD2009E9EF0090D99C /* model */,
				24A1F30A2008A9230024C689 /* mobvenStudy */,
				24A1F3092008A9230024C689 /* Products */,
				E15C12E2281AA9D9AB16D626 /* Pods */,
				9C264A68BB5C14444A4569F6 /* Frameworks */,
			);
			sourceTree = "<group>";
		};
		24A1F3092008A9230024C689 /* Products */ = {
			isa = PBXGroup;
			children = (
				24A1F3082008A9230024C689 /* mobvenStudy.app */,
			);
			name = Products;
			sourceTree = "<group>";
		};
		24A1F30A2008A9230024C689 /* mobvenStudy */ = {
			isa = PBXGroup;
			children = (
				24A1F30B2008A9230024C689 /* AppDelegate.swift */,
				24A1F30F2008A9230024C689 /* Main.storyboard */,
				24A1F3122008A9230024C689 /* Assets.xcassets */,
				24A1F3142008A9230024C689 /* LaunchScreen.storyboard */,
				24A1F3172008A9230024C689 /* Info.plist */,
			);
			path = mobvenStudy;
			sourceTree = "<group>";
		};
		24EFC017200AA832001EAF59 /* view */ = {
			isa = PBXGroup;
			children = (
				24EFC01B200AA910001EAF59 /* SearchFooter.swift */,
			);
			path = view;
			sourceTree = "<group>";
		};
		24EFC018200AA85F001EAF59 /* helper */ = {
			isa = PBXGroup;
			children = (
				24EFC019200AA8B3001EAF59 /* Citytheme.swift */,
			);
			path = helper;
			sourceTree = "<group>";
		};
		9C264A68BB5C14444A4569F6 /* Frameworks */ = {
			isa = PBXGroup;
			children = (
				372918280ABEEBC7D51CD307 /* Pods_mobvenStudy.framework */,
			);
			name = Frameworks;
			sourceTree = "<group>";
		};
		E15C12E2281AA9D9AB16D626 /* Pods */ = {
			isa = PBXGroup;
			children = (
				40B77A131AB10CE5A11475A9 /* Pods-mobvenStudy.debug.xcconfig */,
				C165ADD35BD98F5D97A68456 /* Pods-mobvenStudy.release.xcconfig */,
			);
			name = Pods;
			sourceTree = "<group>";
		};
/* End PBXGroup section */

/* Begin PBXNativeTarget section */
		24A1F3072008A9230024C689 /* mobvenStudy */ = {
			isa = PBXNativeTarget;
			buildConfigurationList = 24A1F31A2008A9230024C689 /* Build configuration list for PBXNativeTarget "mobvenStudy" */;
			buildPhases = (
				A3121B429842C2D0FCEC18B3 /* [CP] Check Pods Manifest.lock */,
				24A1F3042008A9230024C689 /* Sources */,
				24A1F3052008A9230024C689 /* Frameworks */,
				24A1F3062008A9230024C689 /* Resources */,
				8012304C4CF031CFB8D07A32 /* [CP] Embed Pods Frameworks */,
				BADBCE85A94B3124CA9F5015 /* [CP] Copy Pods Resources */,
			);
			buildRules = (
			);
			dependencies = (
			);
			name = mobvenStudy;
			productName = mobvenStudy;
			productReference = 24A1F3082008A9230024C689 /* mobvenStudy.app */;
			productType = "com.apple.product-type.application";
		};
/* End PBXNativeTarget section */

/* Begin PBXProject section */
		24A1F3002008A9230024C689 /* Project object */ = {
			isa = PBXProject;
			attributes = {
				LastSwiftUpdateCheck = 0920;
				LastUpgradeCheck = 0920;
				ORGANIZATIONNAME = "YUNUS YILMAZ";
				TargetAttributes = {
					24A1F3072008A9230024C689 = {
						CreatedOnToolsVersion = 9.2;
						ProvisioningStyle = Automatic;
					};
				};
			};
			buildConfigurationList = 24A1F3032008A9230024C689 /* Build configuration list for PBXProject "mobvenStudy" */;
			compatibilityVersion = "Xcode 8.0";
			developmentRegion = en;
			hasScannedForEncodings = 0;
			knownRegions = (
				en,
				Base,
			);
			mainGroup = 24A1F2FF2008A9230024C689;
			productRefGroup = 24A1F3092008A9230024C689 /* Products */;
			projectDirPath = "";
			projectRoot = "";
			targets = (
				24A1F3072008A9230024C689 /* mobvenStudy */,
			);
		};
/* End PBXProject section */

/* Begin PBXResourcesBuildPhase section */
		24A1F3062008A9230024C689 /* Resources */ = {
			isa = PBXResourcesBuildPhase;
			buildActionMask = 2147483647;
			files = (
				249FD2B9200BF3040061B2FD /* historySearch.plist in Resources */,
				24A1F3162008A9230024C689 /* LaunchScreen.storyboard in Resources */,
				244D4BB3200A0CE40090D99C /* city.list.json in Resources */,
				24A1F3132008A9230024C689 /* Assets.xcassets in Resources */,
				249FD2B2200BC1F00061B2FD /* iconHistory.png in Resources */,
				24A1F3112008A9230024C689 /* Main.storyboard in Resources */,
			);
			runOnlyForDeploymentPostprocessing = 0;
		};
/* End PBXResourcesBuildPhase section */

/* Begin PBXShellScriptBuildPhase section */
		8012304C4CF031CFB8D07A32 /* [CP] Embed Pods Frameworks */ = {
			isa = PBXShellScriptBuildPhase;
			buildActionMask = 2147483647;
			files = (
			);
			inputPaths = (
				"${SRCROOT}/Pods/Target Support Files/Pods-mobvenStudy/Pods-mobvenStudy-frameworks.sh",
				"${BUILT_PRODUCTS_DIR}/Alamofire/Alamofire.framework",
				"${BUILT_PRODUCTS_DIR}/Alamofire-SwiftyJSON/Alamofire_SwiftyJSON.framework",
				"${BUILT_PRODUCTS_DIR}/SwiftyJSON/SwiftyJSON.framework",
			);
			name = "[CP] Embed Pods Frameworks";
			outputPaths = (
				"${TARGET_BUILD_DIR}/${FRAMEWORKS_FOLDER_PATH}/Alamofire.framework",
				"${TARGET_BUILD_DIR}/${FRAMEWORKS_FOLDER_PATH}/Alamofire_SwiftyJSON.framework",
				"${TARGET_BUILD_DIR}/${FRAMEWORKS_FOLDER_PATH}/SwiftyJSON.framework",
			);
			runOnlyForDeploymentPostprocessing = 0;
			shellPath = /bin/sh;
			shellScript = "\"${SRCROOT}/Pods/Target Support Files/Pods-mobvenStudy/Pods-mobvenStudy-frameworks.sh\"\n";
			showEnvVarsInLog = 0;
		};
		A3121B429842C2D0FCEC18B3 /* [CP] Check Pods Manifest.lock */ = {
			isa = PBXShellScriptBuildPhase;
			buildActionMask = 2147483647;
			files = (
			);
			inputPaths = (
				"${PODS_PODFILE_DIR_PATH}/Podfile.lock",
				"${PODS_ROOT}/Manifest.lock",
			);
			name = "[CP] Check Pods Manifest.lock";
			outputPaths = (
				"$(DERIVED_FILE_DIR)/Pods-mobvenStudy-checkManifestLockResult.txt",
			);
			runOnlyForDeploymentPostprocessing = 0;
			shellPath = /bin/sh;
			shellScript = "diff \"${PODS_PODFILE_DIR_PATH}/Podfile.lock\" \"${PODS_ROOT}/Manifest.lock\" > /dev/null\nif [ $? != 0 ] ; then\n    # print error to STDERR\n    echo \"error: The sandbox is not in sync with the Podfile.lock. Run 'pod install' or update your CocoaPods installation.\" >&2\n    exit 1\nfi\n# This output is used by Xcode 'outputs' to avoid re-running this script phase.\necho \"SUCCESS\" > \"${SCRIPT_OUTPUT_FILE_0}\"\n";
			showEnvVarsInLog = 0;
		};
		BADBCE85A94B3124CA9F5015 /* [CP] Copy Pods Resources */ = {
			isa = PBXShellScriptBuildPhase;
			buildActionMask = 2147483647;
			files = (
			);
			inputPaths = (
			);
			name = "[CP] Copy Pods Resources";
			outputPaths = (
			);
			runOnlyForDeploymentPostprocessing = 0;
			shellPath = /bin/sh;
			shellScript = "\"${SRCROOT}/Pods/Target Support Files/Pods-mobvenStudy/Pods-mobvenStudy-resources.sh\"\n";
			showEnvVarsInLog = 0;
		};
/* End PBXShellScriptBuildPhase section */

/* Begin PBXSourcesBuildPhase section */
		24A1F3042008A9230024C689 /* Sources */ = {
			isa = PBXSourcesBuildPhase;
			buildActionMask = 2147483647;
			files = (
				24EFC01C200AA910001EAF59 /* SearchFooter.swift in Sources */,
				24EFC01E200AAA04001EAF59 /* MasterViewController.swift in Sources */,
				244D4BB12009F1F80090D99C /* city.swift in Sources */,
				24EFC01A200AA8B3001EAF59 /* Citytheme.swift in Sources */,
				249FD2B4200BC6E40061B2FD /* HistoryTableViewController.swift in Sources */,
				24A1F30C2008A9230024C689 /* AppDelegate.swift in Sources */,
				24EFC020200AAC0B001EAF59 /* DetailViewController.swift in Sources */,
			);
			runOnlyForDeploymentPostprocessing = 0;
		};
/* End PBXSourcesBuildPhase section */

/* Begin PBXVariantGroup section */
		24A1F30F2008A9230024C689 /* Main.storyboard */ = {
			isa = PBXVariantGroup;
			children = (
				24A1F3102008A9230024C689 /* Base */,
			);
			name = Main.storyboard;
			sourceTree = "<group>";
		};
		24A1F3142008A9230024C689 /* LaunchScreen.storyboard */ = {
			isa = PBXVariantGroup;
			children = (
				24A1F3152008A9230024C689 /* Base */,
			);
			name = LaunchScreen.storyboard;
			sourceTree = "<group>";
		};
/* End PBXVariantGroup section */

/* Begin XCBuildConfiguration section */
		24A1F3182008A9230024C689 /* Debug */ = {
			isa = XCBuildConfiguration;
			buildSettings = {
				ALWAYS_SEARCH_USER_PATHS = NO;
				CLANG_ANALYZER_NONNULL = YES;
				CLANG_ANALYZER_NUMBER_OBJECT_CONVERSION = YES_AGGRESSIVE;
				CLANG_CXX_LANGUAGE_STANDARD = "gnu++14";
				CLANG_CXX_LIBRARY = "libc++";
				CLANG_ENABLE_MODULES = YES;
				CLANG_ENABLE_OBJC_ARC = YES;
				CLANG_WARN_BLOCK_CAPTURE_AUTORELEASING = YES;
				CLANG_WARN_BOOL_CONVERSION = YES;
				CLANG_WARN_COMMA = YES;
				CLANG_WARN_CONSTANT_CONVERSION = YES;
				CLANG_WARN_DIRECT_OBJC_ISA_USAGE = YES_ERROR;
				CLANG_WARN_DOCUMENTATION_COMMENTS = YES;
				CLANG_WARN_EMPTY_BODY = YES;
				CLANG_WARN_ENUM_CONVERSION = YES;
				CLANG_WARN_INFINITE_RECURSION = YES;
				CLANG_WARN_INT_CONVERSION = YES;
				CLANG_WARN_NON_LITERAL_NULL_CONVERSION = YES;
				CLANG_WARN_OBJC_LITERAL_CONVERSION = YES;
				CLANG_WARN_OBJC_ROOT_CLASS = YES_ERROR;
				CLANG_WARN_RANGE_LOOP_ANALYSIS = YES;
				CLANG_WARN_STRICT_PROTOTYPES = YES;
				CLANG_WARN_SUSPICIOUS_MOVE = YES;
				CLANG_WARN_UNGUARDED_AVAILABILITY = YES_AGGRESSIVE;
				CLANG_WARN_UNREACHABLE_CODE = YES;
				CLANG_WARN__DUPLICATE_METHOD_MATCH = YES;
				CODE_SIGN_IDENTITY = "iPhone Developer";
				COPY_PHASE_STRIP = NO;
				DEBUG_INFORMATION_FORMAT = dwarf;
				ENABLE_STRICT_OBJC_MSGSEND = YES;
				ENABLE_TESTABILITY = YES;
				GCC_C_LANGUAGE_STANDARD = gnu11;
				GCC_DYNAMIC_NO_PIC = NO;
				GCC_NO_COMMON_BLOCKS = YES;
				GCC_OPTIMIZATION_LEVEL = 0;
				GCC_PREPROCESSOR_DEFINITIONS = (
					"DEBUG=1",
					"$(inherited)",
				);
				GCC_WARN_64_TO_32_BIT_CONVERSION = YES;
				GCC_WARN_ABOUT_RETURN_TYPE = YES_ERROR;
				GCC_WARN_UNDECLARED_SELECTOR = YES;
				GCC_WARN_UNINITIALIZED_AUTOS = YES_AGGRESSIVE;
				GCC_WARN_UNUSED_FUNCTION = YES;
				GCC_WARN_UNUSED_VARIABLE = YES;
				IPHONEOS_DEPLOYMENT_TARGET = 11.2;
				MTL_ENABLE_DEBUG_INFO = YES;
				ONLY_ACTIVE_ARCH = YES;
				SDKROOT = iphoneos;
				SWIFT_ACTIVE_COMPILATION_CONDITIONS = DEBUG;
				SWIFT_OPTIMIZATION_LEVEL = "-Onone";
			};
			name = Debug;
		};
		24A1F3192008A9230024C689 /* Release */ = {
			isa = XCBuildConfiguration;
			buildSettings = {
				ALWAYS_SEARCH_USER_PATHS = NO;
				CLANG_ANALYZER_NONNULL = YES;
				CLANG_ANALYZER_NUMBER_OBJECT_CONVERSION = YES_AGGRESSIVE;
				CLANG_CXX_LANGUAGE_STANDARD = "gnu++14";
				CLANG_CXX_LIBRARY = "libc++";
				CLANG_ENABLE_MODULES = YES;
				CLANG_ENABLE_OBJC_ARC = YES;
				CLANG_WARN_BLOCK_CAPTURE_AUTORELEASING = YES;
				CLANG_WARN_BOOL_CONVERSION = YES;
				CLANG_WARN_COMMA = YES;
				CLANG_WARN_CONSTANT_CONVERSION = YES;
				CLANG_WARN_DIRECT_OBJC_ISA_USAGE = YES_ERROR;
				CLANG_WARN_DOCUMENTATION_COMMENTS = YES;
				CLANG_WARN_EMPTY_BODY = YES;
				CLANG_WARN_ENUM_CONVERSION = YES;
				CLANG_WARN_INFINITE_RECURSION = YES;
				CLANG_WARN_INT_CONVERSION = YES;
				CLANG_WARN_NON_LITERAL_NULL_CONVERSION = YES;
				CLANG_WARN_OBJC_LITERAL_CONVERSION = YES;
				CLANG_WARN_OBJC_ROOT_CLASS = YES_ERROR;
				CLANG_WARN_RANGE_LOOP_ANALYSIS = YES;
				CLANG_WARN_STRICT_PROTOTYPES = YES;
				CLANG_WARN_SUSPICIOUS_MOVE = YES;
				CLANG_WARN_UNGUARDED_AVAILABILITY = YES_AGGRESSIVE;
				CLANG_WARN_UNREACHABLE_CODE = YES;
				CLANG_WARN__DUPLICATE_METHOD_MATCH = YES;
				CODE_SIGN_IDENTITY = "iPhone Developer";
				COPY_PHASE_STRIP = NO;
				DEBUG_INFORMATION_FORMAT = "dwarf-with-dsym";
				ENABLE_NS_ASSERTIONS = NO;
				ENABLE_STRICT_OBJC_MSGSEND = YES;
				GCC_C_LANGUAGE_STANDARD = gnu11;
				GCC_NO_COMMON_BLOCKS = YES;
				GCC_WARN_64_TO_32_BIT_CONVERSION = YES;
				GCC_WARN_ABOUT_RETURN_TYPE = YES_ERROR;
				GCC_WARN_UNDECLARED_SELECTOR = YES;
				GCC_WARN_UNINITIALIZED_AUTOS = YES_AGGRESSIVE;
				GCC_WARN_UNUSED_FUNCTION = YES;
				GCC_WARN_UNUSED_VARIABLE = YES;
				IPHONEOS_DEPLOYMENT_TARGET = 11.2;
				MTL_ENABLE_DEBUG_INFO = NO;
				SDKROOT = iphoneos;
				SWIFT_OPTIMIZATION_LEVEL = "-Owholemodule";
				VALIDATE_PRODUCT = YES;
			};
			name = Release;
		};
		24A1F31B2008A9230024C689 /* Debug */ = {
			isa = XCBuildConfiguration;
			baseConfigurationReference = 40B77A131AB10CE5A11475A9 /* Pods-mobvenStudy.debug.xcconfig */;
			buildSettings = {
				ASSETCATALOG_COMPILER_APPICON_NAME = AppIcon;
				CODE_SIGN_STYLE = Automatic;
				INFOPLIST_FILE = mobvenStudy/Info.plist;
				LD_RUNPATH_SEARCH_PATHS = "$(inherited) @executable_path/Frameworks";
				PRODUCT_BUNDLE_IDENTIFIER = com.yunusyilmaz.mobvenStudy;
				PRODUCT_NAME = "$(TARGET_NAME)";
				SWIFT_VERSION = 4.0;
				TARGETED_DEVICE_FAMILY = "1,2";
			};
			name = Debug;
		};
		24A1F31C2008A9230024C689 /* Release */ = {
			isa = XCBuildConfiguration;
			baseConfigurationReference = C165ADD35BD98F5D97A68456 /* Pods-mobvenStudy.release.xcconfig */;
			buildSettings = {
				ASSETCATALOG_COMPILER_APPICON_NAME = AppIcon;
				CODE_SIGN_STYLE = Automatic;
				INFOPLIST_FILE = mobvenStudy/Info.plist;
				LD_RUNPATH_SEARCH_PATHS = "$(inherited) @executable_path/Frameworks";
				PRODUCT_BUNDLE_IDENTIFIER = com.yunusyilmaz.mobvenStudy;
				PRODUCT_NAME = "$(TARGET_NAME)";
				SWIFT_VERSION = 4.0;
				TARGETED_DEVICE_FAMILY = "1,2";
			};
			name = Release;
		};
/* End XCBuildConfiguration section */

/* Begin XCConfigurationList section */
		24A1F3032008A9230024C689 /* Build configuration list for PBXProject "mobvenStudy" */ = {
			isa = XCConfigurationList;
			buildConfigurations = (
				24A1F3182008A9230024C689 /* Debug */,
				24A1F3192008A9230024C689 /* Release */,
			);
			defaultConfigurationIsVisible = 0;
			defaultConfigurationName = Release;
		};
		24A1F31A2008A9230024C689 /* Build configuration list for PBXNativeTarget "mobvenStudy" */ = {
			isa = XCConfigurationList;
			buildConfigurations = (
				24A1F31B2008A9230024C689 /* Debug */,
				24A1F31C2008A9230024C689 /* Release */,
			);
			defaultConfigurationIsVisible = 0;
			defaultConfigurationName = Release;
		};
/* End XCConfigurationList section */
	};
	rootObject = 24A1F3002008A9230024C689 /* Project object */;
}
